{
  "name": "bornemap",
  "lockfileVersion": 3,
  "requires": true,
  "packages": {
    "": {
      "dependencies": {
        "pnpm": "^11.2.2"
      }
    },
    "node_modules/pnpm": {
      "version": "11.2.2",
      "resolved": "https://registry.npmjs.org/pnpm/-/pnpm-11.2.2.tgz",
      "integrity": "sha512-NuZiH61QYXiTZFXnAke4gI707CV5ep9DepMoGgIEhOJgf2pGmiLpgph8PbuIZuMHFRSrEKShdJ4G7c0ewRhDbw==",
      "bin": {
        "pn": "bin/pnpm.mjs",
        "pnpm": "bin/pnpm.mjs",
        "pnpx": "bin/pnpx.mjs",
        "pnx": "bin/pnpx.mjs"
      },
      "engines": {
        "node": ">=22.13"
      },
      "funding": {
        "url": "https://opencollective.com/pnpm"
      }
    }
  }
}
